// !$*UTF8*$!
{
	archiveVersion = 1;
	classes = {
	};
	objectVersion = 48;
	objects = {

/* Begin PBXBuildFile section */
		43FDBB82207FFDC200EC7061 /* AppDelegate.swift in Sources */ = {isa = PBXBuildFile; fileRef = 43FDBB81207FFDC200EC7061 /* AppDelegate.swift */; };
		43FDBB87207FFDC200EC7061 /* Main.storyboard in Resources */ = {isa = PBXBuildFile; fileRef = 43FDBB85207FFDC200EC7061 /* Main.storyboard */; };
		43FDBB89207FFDC200EC7061 /* Assets.xcassets in Resources */ = {isa = PBXBuildFile; fileRef = 43FDBB88207FFDC200EC7061 /* Assets.xcassets */; };
		43FDBB8C207FFDC200EC7061 /* LaunchScreen.storyboard in Resources */ = {isa = PBXBuildFile; fileRef = 43FDBB8A207FFDC200EC7061 /* LaunchScreen.storyboard */; };
		43FDBB97207FFDC200EC7061 /* ConversionCalculatorUITests.swift in Sources */ = {isa = PBXBuildFile; fileRef = 43FDBB96207FFDC200EC7061 /* ConversionCalculatorUITests.swift */; };
		43FDBBA2207FFDC200EC7061 /* ConversionCalculatorUIUITests.swift in Sources */ = {isa = PBXBuildFile; fileRef = 43FDBBA1207FFDC200EC7061 /* ConversionCalculatorUIUITests.swift */; };
		43FDBBB020814A8800EC7061 /* ConverterViewController.swift in Sources */ = {isa = PBXBuildFile; fileRef = 43FDBBAF20814A8800EC7061 /* ConverterViewController.swift */; };
		43FDBBB220818EA200EC7061 /* Conversions.swift in Sources */ = {isa = PBXBuildFile; fileRef = 43FDBBB120818EA200EC7061 /* Conversions.swift */; };
/* End PBXBuildFile section */

/* Begin PBXContainerItemProxy section */
		43FDBB93207FFDC200EC7061 /* PBXContainerItemProxy */ = {
			isa = PBXContainerItemProxy;
			containerPortal = 43FDBB76207FFDC200EC7061 /* Project object */;
			proxyType = 1;
			remoteGlobalIDString = 43FDBB7D207FFDC200EC7061;
			remoteInfo = ConversionCalculatorUI;
		};
		43FDBB9E207FFDC200EC7061 /* PBXContainerItemProxy */ = {
			isa = PBXContainerItemProxy;
			containerPortal = 43FDBB76207FFDC200EC7061 /* Project object */;
			proxyType = 1;
			remoteGlobalIDString = 43FDBB7D207FFDC200EC7061;
			remoteInfo = ConversionCalculatorUI;
		};
/* End PBXContainerItemProxy section */

/* Begin PBXFileReference section */
		43FDBB7E207FFDC200EC7061 /* ConversionCalculatorUI.app */ = {isa = PBXFileReference; explicitFileType = wrapper.application; includeInIndex = 0; path = ConversionCalculatorUI.app; sourceTree = BUILT_PRODUCTS_DIR; };
		43FDBB81207FFDC200EC7061 /* AppDelegate.swift */ = {isa = PBXFileReference; lastKnownFileType = sourcecode.swift; path = AppDelegate.swift; sourceTree = "<group>"; };
		43FDBB86207FFDC200EC7061 /* Base */ = {isa = PBXFileReference; lastKnownFileType = file.storyboard; name = Base; path = Base.lproj/Main.storyboard; sourceTree = "<group>"; };
		43FDBB88207FFDC200EC7061 /* Assets.xcassets */ = {isa = PBXFileReference; lastKnownFileType = folder.assetcatalog; path = Assets.xcassets; sourceTree = "<group>"; };
		43FDBB8B207FFDC200EC7061 /* Base */ = {isa = PBXFileReference; lastKnownFileType = file.storyboard; name = Base; path = Base.lproj/LaunchScreen.storyboard; sourceTree = "<group>"; };
		43FDBB8D207FFDC200EC7061 /* Info.plist */ = {isa = PBXFileReference; lastKnownFileType = text.plist.xml; path = Info.plist; sourceTree = "<group>"; };
		43FDBB92207FFDC200EC7061 /* ConversionCalculatorUITests.xctest */ = {isa = PBXFileReference; explicitFileType = wrapper.cfbundle; includeInIndex = 0; path = ConversionCalculatorUITests.xctest; sourceTree = BUILT_PRODUCTS_DIR; };
		43FDBB96207FFDC200EC7061 /* ConversionCalculatorUITests.swift */ = {isa = PBXFileReference; lastKnownFileType = sourcecode.swift; path = ConversionCalculatorUITests.swift; sourceTree = "<group>"; };
		43FDBB98207FFDC200EC7061 /* Info.plist */ = {isa = PBXFileReference; lastKnownFileType = text.plist.xml; path = Info.plist; sourceTree = "<group>"; };
		43FDBB9D207FFDC200EC7061 /* ConversionCalculatorUIUITests.xctest */ = {isa = PBXFileReference; explicitFileType = wrapper.cfbundle; includeInIndex = 0; path = ConversionCalculatorUIUITests.xctest; sourceTree = BUILT_PRODUCTS_DIR; };
		43FDBBA1207FFDC200EC7061 /* ConversionCalculatorUIUITests.swift */ = {isa = PBXFileReference; lastKnownFileType = sourcecode.swift; path = ConversionCalculatorUIUITests.swift; sourceTree = "<group>"; };
		43FDBBA3207FFDC200EC7061 /* Info.plist */ = {isa = PBXFileReference; lastKnownFileType = text.plist.xml; path = Info.plist; sourceTree = "<group>"; };
		43FDBBAF20814A8800EC7061 /* ConverterViewController.swift */ = {isa = PBXFileReference; lastKnownFileType = sourcecode.swift; path = ConverterViewController.swift; sourceTree = "<group>"; };
		43FDBBB120818EA200EC7061 /* Conversions.swift */ = {isa = PBXFileReference; lastKnownFileType = sourcecode.swift; path = Conversions.swift; sourceTree = "<group>"; };
/* End PBXFileReference section */

/* Begin PBXFrameworksBuildPhase section */
		43FDBB7B207FFDC200EC7061 /* Frameworks */ = {
			isa = PBXFrameworksBuildPhase;
			buildActionMask = 2147483647;
			files = (
			);
			runOnlyForDeploymentPostprocessing = 0;
		};
		43FDBB8F207FFDC200EC7061 /* Frameworks */ = {
			isa = PBXFrameworksBuildPhase;
			buildActionMask = 2147483647;
			files = (
			);
			runOnlyForDeploymentPostprocessing = 0;
		};
		43FDBB9A207FFDC200EC7061 /* Frameworks */ = {
			isa = PBXFrameworksBuildPhase;
			buildActionMask = 2147483647;
			files = (
			);
			runOnlyForDeploymentPostprocessing = 0;
		};
/* End PBXFrameworksBuildPhase section */

/* Begin PBXGroup section */
		43FDBB75207FFDC200EC7061 = {
			isa = PBXGroup;
			children = (
				43FDBB80207FFDC200EC7061 /* ConversionCalculatorUI */,
				43FDBB95207FFDC200EC7061 /* ConversionCalculatorUITests */,
				43FDBBA0207FFDC200EC7061 /* ConversionCalculatorUIUITests */,
				43FDBB7F207FFDC200EC7061 /* Products */,
			);
			sourceTree = "<group>";
		};
		43FDBB7F207FFDC200EC7061 /* Products */ = {
			isa = PBXGroup;
			children = (
				43FDBB7E207FFDC200EC7061 /* ConversionCalculatorUI.app */,
				43FDBB92207FFDC200EC7061 /* ConversionCalculatorUITests.xctest */,
				43FDBB9D207FFDC200EC7061 /* ConversionCalculatorUIUITests.xctest */,
			);
			name = Products;
			sourceTree = "<group>";
		};
		43FDBB80207FFDC200EC7061 /* ConversionCalculatorUI */ = {
			isa = PBXGroup;
			children = (
				43FDBB81207FFDC200EC7061 /* AppDelegate.swift */,
				43FDBBAF20814A8800EC7061 /* ConverterViewController.swift */,
				43FDBB85207FFDC200EC7061 /* Main.storyboard */,
				43FDBB88207FFDC200EC7061 /* Assets.xcassets */,
				43FDBB8A207FFDC200EC7061 /* LaunchScreen.storyboard */,
				43FDBB8D207FFDC200EC7061 /* Info.plist */,
				43FDBBB120818EA200EC7061 /* Conversions.swift */,
			);
			path = ConversionCalculatorUI;
			sourceTree = "<group>";
		};
		43FDBB95207FFDC200EC7061 /* ConversionCalculatorUITests */ = {
			isa = PBXGroup;
			children = (
				43FDBB96207FFDC200EC7061 /* ConversionCalculatorUITests.swift */,
				43FDBB98207FFDC200EC7061 /* Info.plist */,
			);
			path = ConversionCalculatorUITests;
			sourceTree = "<group>";
		};
		43FDBBA0207FFDC200EC7061 /* ConversionCalculatorUIUITests */ = {
			isa = PBXGroup;
			children = (
				43FDBBA1207FFDC200EC7061 /* ConversionCalculatorUIUITests.swift */,
				43FDBBA3207FFDC200EC7061 /* Info.plist */,
			);
			path = ConversionCalculatorUIUITests;
			sourceTree = "<group>";
		};
/* End PBXGroup section */

/* Begin PBXNativeTarget section */
		43FDBB7D207FFDC200EC7061 /* ConversionCalculatorUI */ = {
			isa = PBXNativeTarget;
			buildConfigurationList = 43FDBBA6207FFDC200EC7061 /* Build configuration list for PBXNativeTarget "ConversionCalculatorUI" */;
			buildPhases = (
				43FDBB7A207FFDC200EC7061 /* Sources */,
				43FDBB7B207FFDC200EC7061 /* Frameworks */,
				43FDBB7C207FFDC200EC7061 /* Resources */,
			);
			buildRules = (
			);
			dependencies = (
			);
			name = ConversionCalculatorUI;
			productName = ConversionCalculatorUI;
			productReference = 43FDBB7E207FFDC200EC7061 /* ConversionCalculatorUI.app */;
			productType = "com.apple.product-type.application";
		};
		43FDBB91207FFDC200EC7061 /* ConversionCalculatorUITests */ = {
			isa = PBXNativeTarget;
			buildConfigurationList = 43FDBBA9207FFDC200EC7061 /* Build configuration list for PBXNativeTarget "ConversionCalculatorUITests" */;
			buildPhases = (
				43FDBB8E207FFDC200EC7061 /* Sources */,
				43FDBB8F207FFDC200EC7061 /* Frameworks */,
				43FDBB90207FFDC200EC7061 /* Resources */,
			);
			buildRules = (
			);
			dependencies = (
				43FDBB94207FFDC200EC7061 /* PBXTargetDependency */,
			);
			name = ConversionCalculatorUITests;
			productName = ConversionCalculatorUITests;
			productReference = 43FDBB92207FFDC200EC7061 /* ConversionCalculatorUITests.xctest */;
			productType = "com.apple.product-type.bundle.unit-test";
		};
		43FDBB9C207FFDC200EC7061 /* ConversionCalculatorUIUITests */ = {
			isa = PBXNativeTarget;
			buildConfigurationList = 43FDBBAC207FFDC200EC7061 /* Build configuration list for PBXNativeTarget "ConversionCalculatorUIUITests" */;
			buildPhases = (
				43FDBB99207FFDC200EC7061 /* Sources */,
				43FDBB9A207FFDC200EC7061 /* Frameworks */,
				43FDBB9B207FFDC200EC7061 /* Resources */,
			);
			buildRules = (
			);
			dependencies = (
				43FDBB9F207FFDC200EC7061 /* PBXTargetDependency */,
			);
			name = ConversionCalculatorUIUITests;
			productName = ConversionCalculatorUIUITests;
			productReference = 43FDBB9D207FFDC200EC7061 /* ConversionCalculatorUIUITests.xctest */;
			productType = "com.apple.product-type.bundle.ui-testing";
		};
/* End PBXNativeTarget section */

/* Begin PBXProject section */
		43FDBB76207FFDC200EC7061 /* Project object */ = {
			isa = PBXProject;
			attributes = {
				LastSwiftUpdateCheck = 0920;
				LastUpgradeCheck = 0930;
				ORGANIZATIONNAME = Mizzou;
				TargetAttributes = {
					43FDBB7D207FFDC200EC7061 = {
						CreatedOnToolsVersion = 9.2;
						ProvisioningStyle = Automatic;
					};
					43FDBB91207FFDC200EC7061 = {
						CreatedOnToolsVersion = 9.2;
						ProvisioningStyle = Automatic;
						TestTargetID = 43FDBB7D207FFDC200EC7061;
					};
					43FDBB9C207FFDC200EC7061 = {
						CreatedOnToolsVersion = 9.2;
						ProvisioningStyle = Automatic;
						TestTargetID = 43FDBB7D207FFDC200EC7061;
					};
				};
			};
			buildConfigurationList = 43FDBB79207FFDC200EC7061 /* Build configuration list for PBXProject "ConversionCalculatorUI" */;
			compatibilityVersion = "Xcode 8.0";
			developmentRegion = en;
			hasScannedForEncodings = 0;
			knownRegions = (
				en,
				Base,
			);
			mainGroup = 43FDBB75207FFDC200EC7061;
			productRefGroup = 43FDBB7F207FFDC200EC7061 /* Products */;
			projectDirPath = "";
			projectRoot = "";
			targets = (
				43FDBB7D207FFDC200EC7061 /* ConversionCalculatorUI */,
				43FDBB91207FFDC200EC7061 /* ConversionCalculatorUITests */,
				43FDBB9C207FFDC200EC7061 /* ConversionCalculatorUIUITests */,
			);
		};
/* End PBXProject section */

/* Begin PBXResourcesBuildPhase section */
		43FDBB7C207FFDC200EC7061 /* Resources */ = {
			isa = PBXResourcesBuildPhase;
			buildActionMask = 2147483647;
			files = (
				43FDBB8C207FFDC200EC7061 /* LaunchScreen.storyboard in Resources */,
				43FDBB89207FFDC200EC7061 /* Assets.xcassets in Resources */,
				43FDBB87207FFDC200EC7061 /* Main.storyboard in Resources */,
			);
			runOnlyForDeploymentPostprocessing = 0;
		};
		43FDBB90207FFDC200EC7061 /* Resources */ = {
			isa = PBXResourcesBuildPhase;
			buildActionMask = 2147483647;
			files = (
			);
			runOnlyForDeploymentPostprocessing = 0;
		};
		43FDBB9B207FFDC200EC7061 /* Resources */ = {
			isa = PBXResourcesBuildPhase;
			buildActionMask = 2147483647;
			files = (
			);
			runOnlyForDeploymentPostprocessing = 0;
		};
/* End PBXResourcesBuildPhase section */

/* Begin PBXSourcesBuildPhase section */
		43FDBB7A207FFDC200EC7061 /* Sources */ = {
			isa = PBXSourcesBuildPhase;
			buildActionMask = 2147483647;
			files = (
				43FDBBB220818EA200EC7061 /* Conversions.swift in Sources */,
				43FDBB82207FFDC200EC7061 /* AppDelegate.swift in Sources */,
				43FDBBB020814A8800EC7061 /* ConverterViewController.swift in Sources */,
			);
			runOnlyForDeploymentPostprocessing = 0;
		};
		43FDBB8E207FFDC200EC7061 /* Sources */ = {
			isa = PBXSourcesBuildPhase;
			buildActionMask = 2147483647;
			files = (
				43FDBB97207FFDC200EC7061 /* ConversionCalculatorUITests.swift in Sources */,
			);
			runOnlyForDeploymentPostprocessing = 0;
		};
		43FDBB99207FFDC200EC7061 /* Sources */ = {
			isa = PBXSourcesBuildPhase;
			buildActionMask = 2147483647;
			files = (
				43FDBBA2207FFDC200EC7061 /* ConversionCalculatorUIUITests.swift in Sources */,
			);
			runOnlyForDeploymentPostprocessing = 0;
		};
/* End PBXSourcesBuildPhase section */

/* Begin PBXTargetDependency section */
		43FDBB94207FFDC200EC7061 /* PBXTargetDependency */ = {
			isa = PBXTargetDependency;
			target = 43FDBB7D207FFDC200EC7061 /* ConversionCalculatorUI */;
			targetProxy = 43FDBB93207FFDC200EC7061 /* PBXContainerItemProxy */;
		};
		43FDBB9F207FFDC200EC7061 /* PBXTargetDependency */ = {
			isa = PBXTargetDependency;
			target = 43FDBB7D207FFDC200EC7061 /* ConversionCalculatorUI */;
			targetProxy = 43FDBB9E207FFDC200EC7061 /* PBXContainerItemProxy */;
		};
/* End PBXTargetDependency section */

/* Begin PBXVariantGroup section */
		43FDBB85207FFDC200EC7061 /* Main.storyboard */ = {
			isa = PBXVariantGroup;
			children = (
				43FDBB86207FFDC200EC7061 /* Base */,
			);
			name = Main.storyboard;
			sourceTree = "<group>";
		};
		43FDBB8A207FFDC200EC7061 /* LaunchScreen.storyboard */ = {
			isa = PBXVariantGroup;
			children = (
				43FDBB8B207FFDC200EC7061 /* Base */,
			);
			name = LaunchScreen.storyboard;
			sourceTree = "<group>";
		};
/* End PBXVariantGroup section */

/* Begin XCBuildConfiguration section */
		43FDBBA4207FFDC200EC7061 /* Debug */ = {
			isa = XCBuildConfiguration;
			buildSettings = {
				ALWAYS_SEARCH_USER_PATHS = NO;
				CLANG_ANALYZER_NONNULL = YES;
				CLANG_ANALYZER_NUMBER_OBJECT_CONVERSION = YES_AGGRESSIVE;
				CLANG_CXX_LANGUAGE_STANDARD = "gnu++14";
				CLANG_CXX_LIBRARY = "libc++";
				CLANG_ENABLE_MODULES = YES;
				CLANG_ENABLE_OBJC_ARC = YES;
				CLANG_WARN_BLOCK_CAPTURE_AUTORELEASING = YES;
				CLANG_WARN_BOOL_CONVERSION = YES;
				CLANG_WARN_COMMA = YES;
				CLANG_WARN_CONSTANT_CONVERSION = YES;
				CLANG_WARN_DEPRECATED_OBJC_IMPLEMENTATIONS = YES;
				CLANG_WARN_DIRECT_OBJC_ISA_USAGE = YES_ERROR;
				CLANG_WARN_DOCUMENTATION_COMMENTS = YES;
				CLANG_WARN_EMPTY_BODY = YES;
				CLANG_WARN_ENUM_CONVERSION = YES;
				CLANG_WARN_INFINITE_RECURSION = YES;
				CLANG_WARN_INT_CONVERSION = YES;
				CLANG_WARN_NON_LITERAL_NULL_CONVERSION = YES;
				CLANG_WARN_OBJC_IMPLICIT_RETAIN_SELF = YES;
				CLANG_WARN_OBJC_LITERAL_CONVERSION = YES;
				CLANG_WARN_OBJC_ROOT_CLASS = YES_ERROR;
				CLANG_WARN_RANGE_LOOP_ANALYSIS = YES;
				CLANG_WARN_STRICT_PROTOTYPES = YES;
				CLANG_WARN_SUSPICIOUS_MOVE = YES;
				CLANG_WARN_UNGUARDED_AVAILABILITY = YES_AGGRESSIVE;
				CLANG_WARN_UNREACHABLE_CODE = YES;
				CLANG_WARN__DUPLICATE_METHOD_MATCH = YES;
				CODE_SIGN_IDENTITY = "iPhone Developer";
				COPY_PHASE_STRIP = NO;
				DEBUG_INFORMATION_FORMAT = dwarf;
				ENABLE_STRICT_OBJC_MSGSEND = YES;
				ENABLE_TESTABILITY = YES;
				GCC_C_LANGUAGE_STANDARD = gnu11;
				GCC_DYNAMIC_NO_PIC = NO;
				GCC_NO_COMMON_BLOCKS = YES;
				GCC_OPTIMIZATION_LEVEL = 0;
				GCC_PREPROCESSOR_DEFINITIONS = (
					"DEBUG=1",
					"$(inherited)",
				);
				GCC_WARN_64_TO_32_BIT_CONVERSION = YES;
				GCC_WARN_ABOUT_RETURN_TYPE = YES_ERROR;
				GCC_WARN_UNDECLARED_SELECTOR = YES;
				GCC_WARN_UNINITIALIZED_AUTOS = YES_AGGRESSIVE;
				GCC_WARN_UNUSED_FUNCTION = YES;
				GCC_WARN_UNUSED_VARIABLE = YES;
				IPHONEOS_DEPLOYMENT_TARGET = 11.2;
				MTL_ENABLE_DEBUG_INFO = YES;
				ONLY_ACTIVE_ARCH = YES;
				SDKROOT = iphoneos;
				SWIFT_ACTIVE_COMPILATION_CONDITIONS = DEBUG;
				SWIFT_OPTIMIZATION_LEVEL = "-Onone";
			};
			name = Debug;
		};
		43FDBBA5207FFDC200EC7061 /* Release */ = {
			isa = XCBuildConfiguration;
			buildSettings = {
				ALWAYS_SEARCH_USER_PATHS = NO;
				CLANG_ANALYZER_NONNULL = YES;
				CLANG_ANALYZER_NUMBER_OBJECT_CONVERSION = YES_AGGRESSIVE;
				CLANG_CXX_LANGUAGE_STANDARD = "gnu++14";
				CLANG_CXX_LIBRARY = "libc++";
				CLANG_ENABLE_MODULES = YES;
				CLANG_ENABLE_OBJC_ARC = YES;
				CLANG_WARN_BLOCK_CAPTURE_AUTORELEASING = YES;
				CLANG_WARN_BOOL_CONVERSION = YES;
				CLANG_WARN_COMMA = YES;
				CLANG_WARN_CONSTANT_CONVERSION = YES;
				CLANG_WARN_DEPRECATED_OBJC_IMPLEMENTATIONS = YES;
				CLANG_WARN_DIRECT_OBJC_ISA_USAGE = YES_ERROR;
				CLANG_WARN_DOCUMENTATION_COMMENTS = YES;
				CLANG_WARN_EMPTY_BODY = YES;
				CLANG_WARN_ENUM_CONVERSION = YES;
				CLANG_WARN_INFINITE_RECURSION = YES;
				CLANG_WARN_INT_CONVERSION = YES;
				CLANG_WARN_NON_LITERAL_NULL_CONVERSION = YES;
				CLANG_WARN_OBJC_IMPLICIT_RETAIN_SELF = YES;
				CLANG_WARN_OBJC_LITERAL_CONVERSION = YES;
				CLANG_WARN_OBJC_ROOT_CLASS = YES_ERROR;
				CLANG_WARN_RANGE_LOOP_ANALYSIS = YES;
				CLANG_WARN_STRICT_PROTOTYPES = YES;
				CLANG_WARN_SUSPICIOUS_MOVE = YES;
				CLANG_WARN_UNGUARDED_AVAILABILITY = YES_AGGRESSIVE;
				CLANG_WARN_UNREACHABLE_CODE = YES;
				CLANG_WARN__DUPLICATE_METHOD_MATCH = YES;
				CODE_SIGN_IDENTITY = "iPhone Developer";
				COPY_PHASE_STRIP = NO;
				DEBUG_INFORMATION_FORMAT = "dwarf-with-dsym";
				ENABLE_NS_ASSERTIONS = NO;
				ENABLE_STRICT_OBJC_MSGSEND = YES;
				GCC_C_LANGUAGE_STANDARD = gnu11;
				GCC_NO_COMMON_BLOCKS = YES;
				GCC_WARN_64_TO_32_BIT_CONVERSION = YES;
				GCC_WARN_ABOUT_RETURN_TYPE = YES_ERROR;
				GCC_WARN_UNDECLARED_SELECTOR = YES;
				GCC_WARN_UNINITIALIZED_AUTOS = YES_AGGRESSIVE;
				GCC_WARN_UNUSED_FUNCTION = YES;
				GCC_WARN_UNUSED_VARIABLE = YES;
				IPHONEOS_DEPLOYMENT_TARGET = 11.2;
				MTL_ENABLE_DEBUG_INFO = NO;
				SDKROOT = iphoneos;
				SWIFT_OPTIMIZATION_LEVEL = "-Owholemodule";
				VALIDATE_PRODUCT = YES;
			};
			name = Release;
		};
		43FDBBA7207FFDC200EC7061 /* Debug */ = {
			isa = XCBuildConfiguration;
			buildSettings = {
				ASSETCATALOG_COMPILER_APPICON_NAME = AppIcon;
				CODE_SIGN_STYLE = Automatic;
				DEVELOPMENT_TEAM = R6K36JA6F6;
				INFOPLIST_FILE = ConversionCalculatorUI/Info.plist;
				LD_RUNPATH_SEARCH_PATHS = "$(inherited) @executable_path/Frameworks";
				PRODUCT_BUNDLE_IDENTIFIER = Patrick.ConversionCalculatorUI;
				PRODUCT_NAME = "$(TARGET_NAME)";
				SWIFT_VERSION = 4.0;
				TARGETED_DEVICE_FAMILY = "1,2";
			};
			name = Debug;
		};
		43FDBBA8207FFDC200EC7061 /* Release */ = {
			isa = XCBuildConfiguration;
			buildSettings = {
				ASSETCATALOG_COMPILER_APPICON_NAME = AppIcon;
				CODE_SIGN_STYLE = Automatic;
				DEVELOPMENT_TEAM = R6K36JA6F6;
				INFOPLIST_FILE = ConversionCalculatorUI/Info.plist;
				LD_RUNPATH_SEARCH_PATHS = "$(inherited) @executable_path/Frameworks";
				PRODUCT_BUNDLE_IDENTIFIER = Patrick.ConversionCalculatorUI;
				PRODUCT_NAME = "$(TARGET_NAME)";
				SWIFT_VERSION = 4.0;
				TARGETED_DEVICE_FAMILY = "1,2";
			};
			name = Release;
		};
		43FDBBAA207FFDC200EC7061 /* Debug */ = {
			isa = XCBuildConfiguration;
			buildSettings = {
				ALWAYS_EMBED_SWIFT_STANDARD_LIBRARIES = YES;
				BUNDLE_LOADER = "$(TEST_HOST)";
				CODE_SIGN_STYLE = Automatic;
				DEVELOPMENT_TEAM = R6K36JA6F6;
				INFOPLIST_FILE = ConversionCalculatorUITests/Info.plist;
				LD_RUNPATH_SEARCH_PATHS = "$(inherited) @executable_path/Frameworks @loader_path/Frameworks";
				PRODUCT_BUNDLE_IDENTIFIER = Patrick.ConversionCalculatorUITests;
				PRODUCT_NAME = "$(TARGET_NAME)";
				SWIFT_VERSION = 4.0;
				TARGETED_DEVICE_FAMILY = "1,2";
				TEST_HOST = "$(BUILT_PRODUCTS_DIR)/ConversionCalculatorUI.app/ConversionCalculatorUI";
			};
			name = Debug;
		};
		43FDBBAB207FFDC200EC7061 /* Release */ = {
			isa = XCBuildConfiguration;
			buildSettings = {
				ALWAYS_EMBED_SWIFT_STANDARD_LIBRARIES = YES;
				BUNDLE_LOADER = "$(TEST_HOST)";
				CODE_SIGN_STYLE = Automatic;
				DEVELOPMENT_TEAM = R6K36JA6F6;
				INFOPLIST_FILE = ConversionCalculatorUITests/Info.plist;
				LD_RUNPATH_SEARCH_PATHS = "$(inherited) @executable_path/Frameworks @loader_path/Frameworks";
				PRODUCT_BUNDLE_IDENTIFIER = Patrick.ConversionCalculatorUITests;
				PRODUCT_NAME = "$(TARGET_NAME)";
				SWIFT_VERSION = 4.0;
				TARGETED_DEVICE_FAMILY = "1,2";
				TEST_HOST = "$(BUILT_PRODUCTS_DIR)/ConversionCalculatorUI.app/ConversionCalculatorUI";
			};
			name = Release;
		};
		43FDBBAD207FFDC200EC7061 /* Debug */ = {
			isa = XCBuildConfiguration;
			buildSettings = {
				ALWAYS_EMBED_SWIFT_STANDARD_LIBRARIES = YES;
				CODE_SIGN_STYLE = Automatic;
				DEVELOPMENT_TEAM = R6K36JA6F6;
				INFOPLIST_FILE = ConversionCalculatorUIUITests/Info.plist;
				LD_RUNPATH_SEARCH_PATHS = "$(inherited) @executable_path/Frameworks @loader_path/Frameworks";
				PRODUCT_BUNDLE_IDENTIFIER = Patrick.ConversionCalculatorUIUITests;
				PRODUCT_NAME = "$(TARGET_NAME)";
				SWIFT_VERSION = 4.0;
				TARGETED_DEVICE_FAMILY = "1,2";
				TEST_TARGET_NAME = ConversionCalculatorUI;
			};
			name = Debug;
		};
		43FDBBAE207FFDC200EC7061 /* Release */ = {
			isa = XCBuildConfiguration;
			buildSettings = {
				ALWAYS_EMBED_SWIFT_STANDARD_LIBRARIES = YES;
				CODE_SIGN_STYLE = Automatic;
				DEVELOPMENT_TEAM = R6K36JA6F6;
				INFOPLIST_FILE = ConversionCalculatorUIUITests/Info.plist;
				LD_RUNPATH_SEARCH_PATHS = "$(inherited) @executable_path/Frameworks @loader_path/Frameworks";
				PRODUCT_BUNDLE_IDENTIFIER = Patrick.ConversionCalculatorUIUITests;
				PRODUCT_NAME = "$(TARGET_NAME)";
				SWIFT_VERSION = 4.0;
				TARGETED_DEVICE_FAMILY = "1,2";
				TEST_TARGET_NAME = ConversionCalculatorUI;
			};
			name = Release;
		};
/* End XCBuildConfiguration section */

/* Begin XCConfigurationList section */
		43FDBB79207FFDC200EC7061 /* Build configuration list for PBXProject "ConversionCalculatorUI" */ = {
			isa = XCConfigurationList;
			buildConfigurations = (
				43FDBBA4207FFDC200EC7061 /* Debug */,
				43FDBBA5207FFDC200EC7061 /* Release */,
			);
			defaultConfigurationIsVisible = 0;
			defaultConfigurationName = Release;
		};
		43FDBBA6207FFDC200EC7061 /* Build configuration list for PBXNativeTarget "ConversionCalculatorUI" */ = {
			isa = XCConfigurationList;
			buildConfigurations = (
				43FDBBA7207FFDC200EC7061 /* Debug */,
				43FDBBA8207FFDC200EC7061 /* Release */,
			);
			defaultConfigurationIsVisible = 0;
			defaultConfigurationName = Release;
		};
		43FDBBA9207FFDC200EC7061 /* Build configuration list for PBXNativeTarget "ConversionCalculatorUITests" */ = {
			isa = XCConfigurationList;
			buildConfigurations = (
				43FDBBAA207FFDC200EC7061 /* Debug */,
				43FDBBAB207FFDC200EC7061 /* Release */,
			);
			defaultConfigurationIsVisible = 0;
			defaultConfigurationName = Release;
		};
		43FDBBAC207FFDC200EC7061 /* Build configuration list for PBXNativeTarget "ConversionCalculatorUIUITests" */ = {
			isa = XCConfigurationList;
			buildConfigurations = (
				43FDBBAD207FFDC200EC7061 /* Debug */,
				43FDBBAE207FFDC200EC7061 /* Release */,
			);
			defaultConfigurationIsVisible = 0;
			defaultConfigurationName = Release;
		};
/* End XCConfigurationList section */
	};
	rootObject = 43FDBB76207FFDC200EC7061 /* Project object */;
}
